
Microsoft Visual Studio Solution File, Format Version 12.00
# Visual Studio Version 16
VisualStudioVersion = 16.0.29209.62
MinimumVisualStudioVersion = 10.0.40219.1
Project("{2150E333-8FDC-42A3-9474-1A3956D46DE8}") = "Solution items", "Solution items", "{68603FE6-2E4E-4062-A149-F685F27251A5}"
	ProjectSection(SolutionItems) = preProject
		Counters+\Counters+.csproj.user = Counters+\Counters+.csproj.user
		README.md = README.md
	EndProjectSection
EndProject
Project("{FAE04EC0-301F-11D3-BF4B-00C04F79EFBC}") = "Counters+", "Counters+\Counters+.csproj", "{A5DBF7F3-FE93-4BB1-8023-2DD50DFD3350}"
EndProject
Global
	GlobalSection(SolutionConfigurationPlatforms) = preSolution
		Debug|Any CPU = Debug|Any CPU
		Release|Any CPU = Release|Any CPU
	EndGlobalSection
	GlobalSection(ProjectConfigurationPlatforms) = postSolution
		{A5DBF7F3-FE93-4BB1-8023-2DD50DFD3350}.Debug|Any CPU.ActiveCfg = Debug|Any CPU
		{A5DBF7F3-FE93-4BB1-8023-2DD50DFD3350}.Debug|Any CPU.Build.0 = Debug|Any CPU
		{A5DBF7F3-FE93-4BB1-8023-2DD50DFD3350}.Release|Any CPU.ActiveCfg = Release|Any CPU
		{A5DBF7F3-FE93-4BB1-8023-2DD50DFD3350}.Release|Any CPU.Build.0 = Release|Any CPU
	EndGlobalSection
	GlobalSection(SolutionProperties) = preSolution
		HideSolutionNode = FALSE
	EndGlobalSection
	GlobalSection(ExtensibilityGlobals) = postSolution
		SolutionGuid = {47A61869-FDC2-4AF8-A1D0-29EAF1AB19CE}
	EndGlobalSection
EndGlobal
