
Microsoft Visual Studio Solution File, Format Version 12.00
# Visual Studio 15
VisualStudioVersion = 15.0.27428.2005
MinimumVisualStudioVersion = 10.0.40219.1
Project("{FAE04EC0-301F-11D3-BF4B-00C04F79EFBC}") = "Counters+", "Counters+\Counters+.csproj", "{52BA4455-F8F5-41AC-B873-9296D789C7CC}"
EndProject
Global
	GlobalSection(SolutionConfigurationPlatforms) = preSolution
		Debug|Any CPU = Debug|Any CPU
		Release|Any CPU = Release|Any CPU
	EndGlobalSection
	GlobalSection(ProjectConfigurationPlatforms) = postSolution
		{52BA4455-F8F5-41AC-B873-9296D789C7CC}.Debug|Any CPU.ActiveCfg = Debug|Any CPU
		{52BA4455-F8F5-41AC-B873-9296D789C7CC}.Debug|Any CPU.Build.0 = Debug|Any CPU
		{52BA4455-F8F5-41AC-B873-9296D789C7CC}.Release|Any CPU.ActiveCfg = Release|Any CPU
		{52BA4455-F8F5-41AC-B873-9296D789C7CC}.Release|Any CPU.Build.0 = Release|Any CPU
	EndGlobalSection
	GlobalSection(SolutionProperties) = preSolution
		HideSolutionNode = FALSE
	EndGlobalSection
	GlobalSection(ExtensibilityGlobals) = postSolution
		SolutionGuid = {47A61869-FDC2-4AF8-A1D0-29EAF1AB19CE}
	EndGlobalSection
EndGlobal
